
Microsoft Visual Studio Solution File, Format Version 12.00
# Visual Studio 15
VisualStudioVersion = 15.0.27130.2020
MinimumVisualStudioVersion = 10.0.40219.1
Project("{FAE04EC0-301F-11D3-BF4B-00C04F79EFBC}") = "Collection", "Collection\Collection.csproj", "{BCC687C8-5AA7-4C20-AB4D-D7F19170F96C}"
EndProject
Project("{2150E333-8FDC-42A3-9474-1A3956D46DE8}") = "Solution Items", "Solution Items", "{DEA75136-1609-4569-913E-53603FAA8344}"
EndProject
Global
	GlobalSection(SolutionConfigurationPlatforms) = preSolution
		Debug|Any CPU = Debug|Any CPU
		Release|Any CPU = Release|Any CPU
	EndGlobalSection
	GlobalSection(ProjectConfigurationPlatforms) = postSolution
		{BCC687C8-5AA7-4C20-AB4D-D7F19170F96C}.Debug|Any CPU.ActiveCfg = Debug|Any CPU
		{BCC687C8-5AA7-4C20-AB4D-D7F19170F96C}.Debug|Any CPU.Build.0 = Debug|Any CPU
		{BCC687C8-5AA7-4C20-AB4D-D7F19170F96C}.Release|Any CPU.ActiveCfg = Release|Any CPU
		{BCC687C8-5AA7-4C20-AB4D-D7F19170F96C}.Release|Any CPU.Build.0 = Release|Any CPU
	EndGlobalSection
	GlobalSection(SolutionProperties) = preSolution
		HideSolutionNode = FALSE
	EndGlobalSection
	GlobalSection(ExtensibilityGlobals) = postSolution
		SolutionGuid = {ED640B8D-D07A-494B-BB92-BBC84F6B91A2}
	EndGlobalSection
EndGlobal
